// !$*UTF8*$!
{
	archiveVersion = 1;
	classes = {
	};
	objectVersion = 46;
	objects = {

/* Begin PBXBuildFile section */
		3AAF48481A373C7A0003E6EB /* AppDelegate.swift in Sources */ = {isa = PBXBuildFile; fileRef = 3AAF48471A373C7A0003E6EB /* AppDelegate.swift */; };
		3AAF484B1A373C7A0003E6EB /* ViderView.xcdatamodeld in Sources */ = {isa = PBXBuildFile; fileRef = 3AAF48491A373C7A0003E6EB /* ViderView.xcdatamodeld */; };
		3AAF484D1A373C7A0003E6EB /* ViewController.swift in Sources */ = {isa = PBXBuildFile; fileRef = 3AAF484C1A373C7A0003E6EB /* ViewController.swift */; };
		3AAF48501A373C7A0003E6EB /* Main.storyboard in Resources */ = {isa = PBXBuildFile; fileRef = 3AAF484E1A373C7A0003E6EB /* Main.storyboard */; };
		3AAF48521A373C7A0003E6EB /* Images.xcassets in Resources */ = {isa = PBXBuildFile; fileRef = 3AAF48511A373C7A0003E6EB /* Images.xcassets */; };
		3AAF48551A373C7A0003E6EB /* LaunchScreen.xib in Resources */ = {isa = PBXBuildFile; fileRef = 3AAF48531A373C7A0003E6EB /* LaunchScreen.xib */; };
		3AAF48611A373C7A0003E6EB /* ViderViewTests.swift in Sources */ = {isa = PBXBuildFile; fileRef = 3AAF48601A373C7A0003E6EB /* ViderViewTests.swift */; };
/* End PBXBuildFile section */

/* Begin PBXContainerItemProxy section */
		3AAF485B1A373C7A0003E6EB /* PBXContainerItemProxy */ = {
			isa = PBXContainerItemProxy;
			containerPortal = 3AAF483A1A373C7A0003E6EB /* Project object */;
			proxyType = 1;
			remoteGlobalIDString = 3AAF48411A373C7A0003E6EB;
			remoteInfo = ViderView;
		};
/* End PBXContainerItemProxy section */

/* Begin PBXFileReference section */
		3AAF48421A373C7A0003E6EB /* ViderView.app */ = {isa = PBXFileReference; explicitFileType = wrapper.application; includeInIndex = 0; path = ViderView.app; sourceTree = BUILT_PRODUCTS_DIR; };
		3AAF48461A373C7A0003E6EB /* Info.plist */ = {isa = PBXFileReference; lastKnownFileType = text.plist.xml; path = Info.plist; sourceTree = "<group>"; };
		3AAF48471A373C7A0003E6EB /* AppDelegate.swift */ = {isa = PBXFileReference; lastKnownFileType = sourcecode.swift; path = AppDelegate.swift; sourceTree = "<group>"; };
		3AAF484A1A373C7A0003E6EB /* ViderView.xcdatamodel */ = {isa = PBXFileReference; lastKnownFileType = wrapper.xcdatamodel; path = ViderView.xcdatamodel; sourceTree = "<group>"; };
		3AAF484C1A373C7A0003E6EB /* ViewController.swift */ = {isa = PBXFileReference; lastKnownFileType = sourcecode.swift; path = ViewController.swift; sourceTree = "<group>"; };
		3AAF484F1A373C7A0003E6EB /* Base */ = {isa = PBXFileReference; lastKnownFileType = file.storyboard; name = Base; path = Base.lproj/Main.storyboard; sourceTree = "<group>"; };
		3AAF48511A373C7A0003E6EB /* Images.xcassets */ = {isa = PBXFileReference; lastKnownFileType = folder.assetcatalog; path = Images.xcassets; sourceTree = "<group>"; };
		3AAF48541A373C7A0003E6EB /* Base */ = {isa = PBXFileReference; lastKnownFileType = file.xib; name = Base; path = Base.lproj/LaunchScreen.xib; sourceTree = "<group>"; };
		3AAF485A1A373C7A0003E6EB /* ViderViewTests.xctest */ = {isa = PBXFileReference; explicitFileType = wrapper.cfbundle; includeInIndex = 0; path = ViderViewTests.xctest; sourceTree = BUILT_PRODUCTS_DIR; };
		3AAF485F1A373C7A0003E6EB /* Info.plist */ = {isa = PBXFileReference; lastKnownFileType = text.plist.xml; path = Info.plist; sourceTree = "<group>"; };
		3AAF48601A373C7A0003E6EB /* ViderViewTests.swift */ = {isa = PBXFileReference; lastKnownFileType = sourcecode.swift; path = ViderViewTests.swift; sourceTree = "<group>"; };
/* End PBXFileReference section */

/* Begin PBXFrameworksBuildPhase section */
		3AAF483F1A373C7A0003E6EB /* Frameworks */ = {
			isa = PBXFrameworksBuildPhase;
			buildActionMask = 2147483647;
			files = (
			);
			runOnlyForDeploymentPostprocessing = 0;
		};
		3AAF48571A373C7A0003E6EB /* Frameworks */ = {
			isa = PBXFrameworksBuildPhase;
			buildActionMask = 2147483647;
			files = (
			);
			runOnlyForDeploymentPostprocessing = 0;
		};
/* End PBXFrameworksBuildPhase section */

/* Begin PBXGroup section */
		3AAF48391A373C7A0003E6EB = {
			isa = PBXGroup;
			children = (
				3AAF48441A373C7A0003E6EB /* ViderView */,
				3AAF485D1A373C7A0003E6EB /* ViderViewTests */,
				3AAF48431A373C7A0003E6EB /* Products */,
			);
			sourceTree = "<group>";
		};
		3AAF48431A373C7A0003E6EB /* Products */ = {
			isa = PBXGroup;
			children = (
				3AAF48421A373C7A0003E6EB /* ViderView.app */,
				3AAF485A1A373C7A0003E6EB /* ViderViewTests.xctest */,
			);
			name = Products;
			sourceTree = "<group>";
		};
		3AAF48441A373C7A0003E6EB /* ViderView */ = {
			isa = PBXGroup;
			children = (
				3AAF48471A373C7A0003E6EB /* AppDelegate.swift */,
				3AAF484C1A373C7A0003E6EB /* ViewController.swift */,
				3AAF484E1A373C7A0003E6EB /* Main.storyboard */,
				3AAF48511A373C7A0003E6EB /* Images.xcassets */,
				3AAF48531A373C7A0003E6EB /* LaunchScreen.xib */,
				3AAF48491A373C7A0003E6EB /* ViderView.xcdatamodeld */,
				3AAF48451A373C7A0003E6EB /* Supporting Files */,
			);
			path = ViderView;
			sourceTree = "<group>";
		};
		3AAF48451A373C7A0003E6EB /* Supporting Files */ = {
			isa = PBXGroup;
			children = (
				3AAF48461A373C7A0003E6EB /* Info.plist */,
			);
			name = "Supporting Files";
			sourceTree = "<group>";
		};
		3AAF485D1A373C7A0003E6EB /* ViderViewTests */ = {
			isa = PBXGroup;
			children = (
				3AAF48601A373C7A0003E6EB /* ViderViewTests.swift */,
				3AAF485E1A373C7A0003E6EB /* Supporting Files */,
			);
			path = ViderViewTests;
			sourceTree = "<group>";
		};
		3AAF485E1A373C7A0003E6EB /* Supporting Files */ = {
			isa = PBXGroup;
			children = (
				3AAF485F1A373C7A0003E6EB /* Info.plist */,
			);
			name = "Supporting Files";
			sourceTree = "<group>";
		};
/* End PBXGroup section */

/* Begin PBXNativeTarget section */
		3AAF48411A373C7A0003E6EB /* ViderView */ = {
			isa = PBXNativeTarget;
			buildConfigurationList = 3AAF48641A373C7A0003E6EB /* Build configuration list for PBXNativeTarget "ViderView" */;
			buildPhases = (
				3AAF483E1A373C7A0003E6EB /* Sources */,
				3AAF483F1A373C7A0003E6EB /* Frameworks */,
				3AAF48401A373C7A0003E6EB /* Resources */,
			);
			buildRules = (
			);
			dependencies = (
			);
			name = ViderView;
			productName = ViderView;
			productReference = 3AAF48421A373C7A0003E6EB /* ViderView.app */;
			productType = "com.apple.product-type.application";
		};
		3AAF48591A373C7A0003E6EB /* ViderViewTests */ = {
			isa = PBXNativeTarget;
			buildConfigurationList = 3AAF48671A373C7A0003E6EB /* Build configuration list for PBXNativeTarget "ViderViewTests" */;
			buildPhases = (
				3AAF48561A373C7A0003E6EB /* Sources */,
				3AAF48571A373C7A0003E6EB /* Frameworks */,
				3AAF48581A373C7A0003E6EB /* Resources */,
			);
			buildRules = (
			);
			dependencies = (
				3AAF485C1A373C7A0003E6EB /* PBXTargetDependency */,
			);
			name = ViderViewTests;
			productName = ViderViewTests;
			productReference = 3AAF485A1A373C7A0003E6EB /* ViderViewTests.xctest */;
			productType = "com.apple.product-type.bundle.unit-test";
		};
/* End PBXNativeTarget section */

/* Begin PBXProject section */
		3AAF483A1A373C7A0003E6EB /* Project object */ = {
			isa = PBXProject;
			attributes = {
				LastUpgradeCheck = 0610;
				ORGANIZATIONNAME = "Frantz Arty";
				TargetAttributes = {
					3AAF48411A373C7A0003E6EB = {
						CreatedOnToolsVersion = 6.1.1;
					};
					3AAF48591A373C7A0003E6EB = {
						CreatedOnToolsVersion = 6.1.1;
						TestTargetID = 3AAF48411A373C7A0003E6EB;
					};
				};
			};
			buildConfigurationList = 3AAF483D1A373C7A0003E6EB /* Build configuration list for PBXProject "ViderView" */;
			compatibilityVersion = "Xcode 3.2";
			developmentRegion = English;
			hasScannedForEncodings = 0;
			knownRegions = (
				en,
				Base,
			);
			mainGroup = 3AAF48391A373C7A0003E6EB;
			productRefGroup = 3AAF48431A373C7A0003E6EB /* Products */;
			projectDirPath = "";
			projectRoot = "";
			targets = (
				3AAF48411A373C7A0003E6EB /* ViderView */,
				3AAF48591A373C7A0003E6EB /* ViderViewTests */,
			);
		};
/* End PBXProject section */

/* Begin PBXResourcesBuildPhase section */
		3AAF48401A373C7A0003E6EB /* Resources */ = {
			isa = PBXResourcesBuildPhase;
			buildActionMask = 2147483647;
			files = (
				3AAF48501A373C7A0003E6EB /* Main.storyboard in Resources */,
				3AAF48551A373C7A0003E6EB /* LaunchScreen.xib in Resources */,
				3AAF48521A373C7A0003E6EB /* Images.xcassets in Resources */,
			);
			runOnlyForDeploymentPostprocessing = 0;
		};
		3AAF48581A373C7A0003E6EB /* Resources */ = {
			isa = PBXResourcesBuildPhase;
			buildActionMask = 2147483647;
			files = (
			);
			runOnlyForDeploymentPostprocessing = 0;
		};
/* End PBXResourcesBuildPhase section */

/* Begin PBXSourcesBuildPhase section */
		3AAF483E1A373C7A0003E6EB /* Sources */ = {
			isa = PBXSourcesBuildPhase;
			buildActionMask = 2147483647;
			files = (
				3AAF484D1A373C7A0003E6EB /* ViewController.swift in Sources */,
				3AAF48481A373C7A0003E6EB /* AppDelegate.swift in Sources */,
				3AAF484B1A373C7A0003E6EB /* ViderView.xcdatamodeld in Sources */,
			);
			runOnlyForDeploymentPostprocessing = 0;
		};
		3AAF48561A373C7A0003E6EB /* Sources */ = {
			isa = PBXSourcesBuildPhase;
			buildActionMask = 2147483647;
			files = (
				3AAF48611A373C7A0003E6EB /* ViderViewTests.swift in Sources */,
			);
			runOnlyForDeploymentPostprocessing = 0;
		};
/* End PBXSourcesBuildPhase section */

/* Begin PBXTargetDependency section */
		3AAF485C1A373C7A0003E6EB /* PBXTargetDependency */ = {
			isa = PBXTargetDependency;
			target = 3AAF48411A373C7A0003E6EB /* ViderView */;
			targetProxy = 3AAF485B1A373C7A0003E6EB /* PBXContainerItemProxy */;
		};
/* End PBXTargetDependency section */

/* Begin PBXVariantGroup section */
		3AAF484E1A373C7A0003E6EB /* Main.storyboard */ = {
			isa = PBXVariantGroup;
			children = (
				3AAF484F1A373C7A0003E6EB /* Base */,
			);
			name = Main.storyboard;
			sourceTree = "<group>";
		};
		3AAF48531A373C7A0003E6EB /* LaunchScreen.xib */ = {
			isa = PBXVariantGroup;
			children = (
				3AAF48541A373C7A0003E6EB /* Base */,
			);
			name = LaunchScreen.xib;
			sourceTree = "<group>";
		};
/* End PBXVariantGroup section */

/* Begin XCBuildConfiguration section */
		3AAF48621A373C7A0003E6EB /* Debug */ = {
			isa = XCBuildConfiguration;
			buildSettings = {
				ALWAYS_SEARCH_USER_PATHS = NO;
				CLANG_CXX_LANGUAGE_STANDARD = "gnu++0x";
				CLANG_CXX_LIBRARY = "libc++";
				CLANG_ENABLE_MODULES = YES;
				CLANG_ENABLE_OBJC_ARC = YES;
				CLANG_WARN_BOOL_CONVERSION = YES;
				CLANG_WARN_CONSTANT_CONVERSION = YES;
				CLANG_WARN_DIRECT_OBJC_ISA_USAGE = YES_ERROR;
				CLANG_WARN_EMPTY_BODY = YES;
				CLANG_WARN_ENUM_CONVERSION = YES;
				CLANG_WARN_INT_CONVERSION = YES;
				CLANG_WARN_OBJC_ROOT_CLASS = YES_ERROR;
				CLANG_WARN_UNREACHABLE_CODE = YES;
				CLANG_WARN__DUPLICATE_METHOD_MATCH = YES;
				"CODE_SIGN_IDENTITY[sdk=iphoneos*]" = "iPhone Developer";
				COPY_PHASE_STRIP = NO;
				ENABLE_STRICT_OBJC_MSGSEND = YES;
				GCC_C_LANGUAGE_STANDARD = gnu99;
				GCC_DYNAMIC_NO_PIC = NO;
				GCC_OPTIMIZATION_LEVEL = 0;
				GCC_PREPROCESSOR_DEFINITIONS = (
					"DEBUG=1",
					"$(inherited)",
				);
				GCC_SYMBOLS_PRIVATE_EXTERN = NO;
				GCC_WARN_64_TO_32_BIT_CONVERSION = YES;
				GCC_WARN_ABOUT_RETURN_TYPE = YES_ERROR;
				GCC_WARN_UNDECLARED_SELECTOR = YES;
				GCC_WARN_UNINITIALIZED_AUTOS = YES_AGGRESSIVE;
				GCC_WARN_UNUSED_FUNCTION = YES;
				GCC_WARN_UNUSED_VARIABLE = YES;
				IPHONEOS_DEPLOYMENT_TARGET = 8.1;
				MTL_ENABLE_DEBUG_INFO = YES;
				ONLY_ACTIVE_ARCH = YES;
				SDKROOT = iphoneos;
				SWIFT_OPTIMIZATION_LEVEL = "-Onone";
			};
			name = Debug;
		};
		3AAF48631A373C7A0003E6EB /* Release */ = {
			isa = XCBuildConfiguration;
			buildSettings = {
				ALWAYS_SEARCH_USER_PATHS = NO;
				CLANG_CXX_LANGUAGE_STANDARD = "gnu++0x";
				CLANG_CXX_LIBRARY = "libc++";
				CLANG_ENABLE_MODULES = YES;
				CLANG_ENABLE_OBJC_ARC = YES;
				CLANG_WARN_BOOL_CONVERSION = YES;
				CLANG_WARN_CONSTANT_CONVERSION = YES;
				CLANG_WARN_DIRECT_OBJC_ISA_USAGE = YES_ERROR;
				CLANG_WARN_EMPTY_BODY = YES;
				CLANG_WARN_ENUM_CONVERSION = YES;
				CLANG_WARN_INT_CONVERSION = YES;
				CLANG_WARN_OBJC_ROOT_CLASS = YES_ERROR;
				CLANG_WARN_UNREACHABLE_CODE = YES;
				CLANG_WARN__DUPLICATE_METHOD_MATCH = YES;
				"CODE_SIGN_IDENTITY[sdk=iphoneos*]" = "iPhone Developer";
				COPY_PHASE_STRIP = YES;
				ENABLE_NS_ASSERTIONS = NO;
				ENABLE_STRICT_OBJC_MSGSEND = YES;
				GCC_C_LANGUAGE_STANDARD = gnu99;
				GCC_WARN_64_TO_32_BIT_CONVERSION = YES;
				GCC_WARN_ABOUT_RETURN_TYPE = YES_ERROR;
				GCC_WARN_UNDECLARED_SELECTOR = YES;
				GCC_WARN_UNINITIALIZED_AUTOS = YES_AGGRESSIVE;
				GCC_WARN_UNUSED_FUNCTION = YES;
				GCC_WARN_UNUSED_VARIABLE = YES;
				IPHONEOS_DEPLOYMENT_TARGET = 8.1;
				MTL_ENABLE_DEBUG_INFO = NO;
				SDKROOT = iphoneos;
				VALIDATE_PRODUCT = YES;
			};
			name = Release;
		};
		3AAF48651A373C7A0003E6EB /* Debug */ = {
			isa = XCBuildConfiguration;
			buildSettings = {
				ASSETCATALOG_COMPILER_APPICON_NAME = AppIcon;
				INFOPLIST_FILE = ViderView/Info.plist;
				LD_RUNPATH_SEARCH_PATHS = "$(inherited) @executable_path/Frameworks";
				PRODUCT_NAME = "$(TARGET_NAME)";
			};
			name = Debug;
		};
		3AAF48661A373C7A0003E6EB /* Release */ = {
			isa = XCBuildConfiguration;
			buildSettings = {
				ASSETCATALOG_COMPILER_APPICON_NAME = AppIcon;
				INFOPLIST_FILE = ViderView/Info.plist;
				LD_RUNPATH_SEARCH_PATHS = "$(inherited) @executable_path/Frameworks";
				PRODUCT_NAME = "$(TARGET_NAME)";
			};
			name = Release;
		};
		3AAF48681A373C7A0003E6EB /* Debug */ = {
			isa = XCBuildConfiguration;
			buildSettings = {
				BUNDLE_LOADER = "$(TEST_HOST)";
				FRAMEWORK_SEARCH_PATHS = (
					"$(SDKROOT)/Developer/Library/Frameworks",
					"$(inherited)",
				);
				GCC_PREPROCESSOR_DEFINITIONS = (
					"DEBUG=1",
					"$(inherited)",
				);
				INFOPLIST_FILE = ViderViewTests/Info.plist;
				LD_RUNPATH_SEARCH_PATHS = "$(inherited) @executable_path/Frameworks @loader_path/Frameworks";
				PRODUCT_NAME = "$(TARGET_NAME)";
				TEST_HOST = "$(BUILT_PRODUCTS_DIR)/ViderView.app/ViderView";
			};
			name = Debug;
		};
		3AAF48691A373C7A0003E6EB /* Release */ = {
			isa = XCBuildConfiguration;
			buildSettings = {
				BUNDLE_LOADER = "$(TEST_HOST)";
				FRAMEWORK_SEARCH_PATHS = (
					"$(SDKROOT)/Developer/Library/Frameworks",
					"$(inherited)",
				);
				INFOPLIST_FILE = ViderViewTests/Info.plist;
				LD_RUNPATH_SEARCH_PATHS = "$(inherited) @executable_path/Frameworks @loader_path/Frameworks";
				PRODUCT_NAME = "$(TARGET_NAME)";
				TEST_HOST = "$(BUILT_PRODUCTS_DIR)/ViderView.app/ViderView";
			};
			name = Release;
		};
/* End XCBuildConfiguration section */

/* Begin XCConfigurationList section */
		3AAF483D1A373C7A0003E6EB /* Build configuration list for PBXProject "ViderView" */ = {
			isa = XCConfigurationList;
			buildConfigurations = (
				3AAF48621A373C7A0003E6EB /* Debug */,
				3AAF48631A373C7A0003E6EB /* Release */,
			);
			defaultConfigurationIsVisible = 0;
			defaultConfigurationName = Release;
		};
		3AAF48641A373C7A0003E6EB /* Build configuration list for PBXNativeTarget "ViderView" */ = {
			isa = XCConfigurationList;
			buildConfigurations = (
				3AAF48651A373C7A0003E6EB /* Debug */,
				3AAF48661A373C7A0003E6EB /* Release */,
			);
			defaultConfigurationIsVisible = 0;
		};
		3AAF48671A373C7A0003E6EB /* Build configuration list for PBXNativeTarget "ViderViewTests" */ = {
			isa = XCConfigurationList;
			buildConfigurations = (
				3AAF48681A373C7A0003E6EB /* Debug */,
				3AAF48691A373C7A0003E6EB /* Release */,
			);
			defaultConfigurationIsVisible = 0;
		};
/* End XCConfigurationList section */

/* Begin XCVersionGroup section */
		3AAF48491A373C7A0003E6EB /* ViderView.xcdatamodeld */ = {
			isa = XCVersionGroup;
			children = (
				3AAF484A1A373C7A0003E6EB /* ViderView.xcdatamodel */,
			);
			currentVersion = 3AAF484A1A373C7A0003E6EB /* ViderView.xcdatamodel */;
			path = ViderView.xcdatamodeld;
			sourceTree = "<group>";
			versionGroupType = wrapper.xcdatamodel;
		};
/* End XCVersionGroup section */
	};
	rootObject = 3AAF483A1A373C7A0003E6EB /* Project object */;
}
